GEM
  remote: https://rubygems.org/
  specs:
    base64 (0.3.0)
    rack (3.2.6)
    rackup (2.3.1)
      rack (>= 3)
    rubst_api (0.1.0)
      rack (>= 3.0, < 4.0)
      rackup (>= 2.0, < 3.0)
      webrick (>= 1.8, < 2.0)
    webrick (1.9.2)

PLATFORMS
  ruby
  x64-mingw-ucrt

DEPENDENCIES
  base64 (>= 0.3)
  rubst_api (~> 0.1.0)

CHECKSUMS
  base64 (0.3.0) sha256=27337aeabad6ffae05c265c450490628ef3ebd4b67be58257393227588f5a97b
  rack (3.2.6) sha256=5ed78e1f73b2e25679bec7d45ee2d4483cc4146eb1be0264fc4d94cb5ef212c2
  rackup (2.3.1) sha256=6c79c26753778e90983761d677a48937ee3192b3ffef6bc963c0950f94688868
  rubst_api (0.1.0) sha256=ff138968743f3bbfcd13fb55ab4ec8f18247e40cfe1a6e889db5d502a784de7f
  webrick (1.9.2) sha256=beb4a15fc474defed24a3bda4ffd88a490d517c9e4e6118c3edce59e45864131

BUNDLED WITH
  4.0.16
